
Microsoft Visual Studio Solution File, Format Version 12.00
# Visual Studio 15
VisualStudioVersion = 15.0.28307.1525
MinimumVisualStudioVersion = 10.0.40219.1
Project("{8BC9CEB8-8B4A-11D0-8D11-00A0C91BC942}") = "SyncMutex_win", "SyncMutex_win\SyncMutex_win.vcxproj", "{F187A7A6-A833-415E-9F56-95F078F95F56}"
EndProject
Global
	GlobalSection(SolutionConfigurationPlatforms) = preSolution
		Debug|x64 = Debug|x64
		Debug|x86 = Debug|x86
		Release|x64 = Release|x64
		Release|x86 = Release|x86
	EndGlobalSection
	GlobalSection(ProjectConfigurationPlatforms) = postSolution
		{F187A7A6-A833-415E-9F56-95F078F95F56}.Debug|x64.ActiveCfg = Debug|x64
		{F187A7A6-A833-415E-9F56-95F078F95F56}.Debug|x64.Build.0 = Debug|x64
		{F187A7A6-A833-415E-9F56-95F078F95F56}.Debug|x86.ActiveCfg = Debug|Win32
		{F187A7A6-A833-415E-9F56-95F078F95F56}.Debug|x86.Build.0 = Debug|Win32
		{F187A7A6-A833-415E-9F56-95F078F95F56}.Release|x64.ActiveCfg = Release|x64
		{F187A7A6-A833-415E-9F56-95F078F95F56}.Release|x64.Build.0 = Release|x64
		{F187A7A6-A833-415E-9F56-95F078F95F56}.Release|x86.ActiveCfg = Release|Win32
		{F187A7A6-A833-415E-9F56-95F078F95F56}.Release|x86.Build.0 = Release|Win32
	EndGlobalSection
	GlobalSection(SolutionProperties) = preSolution
		HideSolutionNode = FALSE
	EndGlobalSection
	GlobalSection(ExtensibilityGlobals) = postSolution
		SolutionGuid = {69A219A9-AE96-4B49-9E7F-155CCA62E562}
	EndGlobalSection
EndGlobal
